
Microsoft Visual Studio Solution File, Format Version 12.00
# Visual Studio Version 17
VisualStudioVersion = 17.3.32811.315
MinimumVisualStudioVersion = 10.0.40219.1
Project("{9A19103F-16F7-4668-BE54-9A1E7A4F7556}") = "IlyaCode", "IlyaCode\IlyaCode.csproj", "{D32EB093-90AA-4832-836B-34B010BA270B}"
EndProject
Project("{2150E333-8FDC-42A3-9474-1A3956D46DE8}") = "Solution Items", "Solution Items", "{3A27328F-4376-4EF6-A273-B0F36E448157}"
	ProjectSection(SolutionItems) = preProject
		.editorconfig = .editorconfig
	EndProjectSection
EndProject
Global
	GlobalSection(SolutionConfigurationPlatforms) = preSolution
		Debug|Any CPU = Debug|Any CPU
		Release|Any CPU = Release|Any CPU
	EndGlobalSection
	GlobalSection(ProjectConfigurationPlatforms) = postSolution
		{D32EB093-90AA-4832-836B-34B010BA270B}.Debug|Any CPU.ActiveCfg = Debug|Any CPU
		{D32EB093-90AA-4832-836B-34B010BA270B}.Debug|Any CPU.Build.0 = Debug|Any CPU
		{D32EB093-90AA-4832-836B-34B010BA270B}.Release|Any CPU.ActiveCfg = Release|Any CPU
		{D32EB093-90AA-4832-836B-34B010BA270B}.Release|Any CPU.Build.0 = Release|Any CPU
	EndGlobalSection
	GlobalSection(SolutionProperties) = preSolution
		HideSolutionNode = FALSE
	EndGlobalSection
	GlobalSection(ExtensibilityGlobals) = postSolution
		SolutionGuid = {6C7DB2FB-D456-4DE9-A4A1-DDDEF0A44C59}
	EndGlobalSection
EndGlobal
